// !$*UTF8*$!
{
	archiveVersion = 1;
	classes = {
	};
	objectVersion = 46;
	objects = {

/* Begin PBXBuildFile section */
		245BB98D1C883E75000E9D56 /* AppDelegate.swift in Sources */ = {isa = PBXBuildFile; fileRef = 245BB98C1C883E75000E9D56 /* AppDelegate.swift */; };
		245BB9921C883E75000E9D56 /* Main.storyboard in Resources */ = {isa = PBXBuildFile; fileRef = 245BB9901C883E75000E9D56 /* Main.storyboard */; };
		245BB9941C883E75000E9D56 /* Assets.xcassets in Resources */ = {isa = PBXBuildFile; fileRef = 245BB9931C883E75000E9D56 /* Assets.xcassets */; };
		245BB9971C883E75000E9D56 /* LaunchScreen.storyboard in Resources */ = {isa = PBXBuildFile; fileRef = 245BB9951C883E75000E9D56 /* LaunchScreen.storyboard */; };
/* End PBXBuildFile section */

/* Begin PBXFileReference section */
		245BB9891C883E75000E9D56 /* StackViewSpacingTest.app */ = {isa = PBXFileReference; explicitFileType = wrapper.application; includeInIndex = 0; path = StackViewSpacingTest.app; sourceTree = BUILT_PRODUCTS_DIR; };
		245BB98C1C883E75000E9D56 /* AppDelegate.swift */ = {isa = PBXFileReference; lastKnownFileType = sourcecode.swift; path = AppDelegate.swift; sourceTree = "<group>"; };
		245BB9911C883E75000E9D56 /* Base */ = {isa = PBXFileReference; lastKnownFileType = file.storyboard; name = Base; path = Base.lproj/Main.storyboard; sourceTree = "<group>"; };
		245BB9931C883E75000E9D56 /* Assets.xcassets */ = {isa = PBXFileReference; lastKnownFileType = folder.assetcatalog; path = Assets.xcassets; sourceTree = "<group>"; };
		245BB9961C883E75000E9D56 /* Base */ = {isa = PBXFileReference; lastKnownFileType = file.storyboard; name = Base; path = Base.lproj/LaunchScreen.storyboard; sourceTree = "<group>"; };
		245BB9981C883E75000E9D56 /* Info.plist */ = {isa = PBXFileReference; lastKnownFileType = text.plist.xml; path = Info.plist; sourceTree = "<group>"; };
/* End PBXFileReference section */

/* Begin PBXFrameworksBuildPhase section */
		245BB9861C883E75000E9D56 /* Frameworks */ = {
			isa = PBXFrameworksBuildPhase;
			buildActionMask = 2147483647;
			files = (
			);
			runOnlyForDeploymentPostprocessing = 0;
		};
/* End PBXFrameworksBuildPhase section */

/* Begin PBXGroup section */
		245BB9801C883E75000E9D56 = {
			isa = PBXGroup;
			children = (
				245BB98B1C883E75000E9D56 /* StackViewSpacingTest */,
				245BB98A1C883E75000E9D56 /* Products */,
			);
			sourceTree = "<group>";
		};
		245BB98A1C883E75000E9D56 /* Products */ = {
			isa = PBXGroup;
			children = (
				245BB9891C883E75000E9D56 /* StackViewSpacingTest.app */,
			);
			name = Products;
			sourceTree = "<group>";
		};
		245BB98B1C883E75000E9D56 /* StackViewSpacingTest */ = {
			isa = PBXGroup;
			children = (
				245BB98C1C883E75000E9D56 /* AppDelegate.swift */,
				245BB9901C883E75000E9D56 /* Main.storyboard */,
				245BB9931C883E75000E9D56 /* Assets.xcassets */,
				245BB9951C883E75000E9D56 /* LaunchScreen.storyboard */,
				245BB9981C883E75000E9D56 /* Info.plist */,
			);
			path = StackViewSpacingTest;
			sourceTree = "<group>";
		};
/* End PBXGroup section */

/* Begin PBXNativeTarget section */
		245BB9881C883E75000E9D56 /* StackViewSpacingTest */ = {
			isa = PBXNativeTarget;
			buildConfigurationList = 245BB99B1C883E75000E9D56 /* Build configuration list for PBXNativeTarget "StackViewSpacingTest" */;
			buildPhases = (
				245BB9851C883E75000E9D56 /* Sources */,
				245BB9861C883E75000E9D56 /* Frameworks */,
				245BB9871C883E75000E9D56 /* Resources */,
			);
			buildRules = (
			);
			dependencies = (
			);
			name = StackViewSpacingTest;
			productName = StackViewSpacingTest;
			productReference = 245BB9891C883E75000E9D56 /* StackViewSpacingTest.app */;
			productType = "com.apple.product-type.application";
		};
/* End PBXNativeTarget section */

/* Begin PBXProject section */
		245BB9811C883E75000E9D56 /* Project object */ = {
			isa = PBXProject;
			attributes = {
				LastSwiftUpdateCheck = 0720;
				LastUpgradeCheck = 0720;
				ORGANIZATIONNAME = "Daniel Tull";
				TargetAttributes = {
					245BB9881C883E75000E9D56 = {
						CreatedOnToolsVersion = 7.2.1;
					};
				};
			};
			buildConfigurationList = 245BB9841C883E75000E9D56 /* Build configuration list for PBXProject "StackViewSpacingTest" */;
			compatibilityVersion = "Xcode 3.2";
			developmentRegion = English;
			hasScannedForEncodings = 0;
			knownRegions = (
				en,
				Base,
			);
			mainGroup = 245BB9801C883E75000E9D56;
			productRefGroup = 245BB98A1C883E75000E9D56 /* Products */;
			projectDirPath = "";
			projectRoot = "";
			targets = (
				245BB9881C883E75000E9D56 /* StackViewSpacingTest */,
			);
		};
/* End PBXProject section */

/* Begin PBXResourcesBuildPhase section */
		245BB9871C883E75000E9D56 /* Resources */ = {
			isa = PBXResourcesBuildPhase;
			buildActionMask = 2147483647;
			files = (
				245BB9971C883E75000E9D56 /* LaunchScreen.storyboard in Resources */,
				245BB9941C883E75000E9D56 /* Assets.xcassets in Resources */,
				245BB9921C883E75000E9D56 /* Main.storyboard in Resources */,
			);
			runOnlyForDeploymentPostprocessing = 0;
		};
/* End PBXResourcesBuildPhase section */

/* Begin PBXSourcesBuildPhase section */
		245BB9851C883E75000E9D56 /* Sources */ = {
			isa = PBXSourcesBuildPhase;
			buildActionMask = 2147483647;
			files = (
				245BB98D1C883E75000E9D56 /* AppDelegate.swift in Sources */,
			);
			runOnlyForDeploymentPostprocessing = 0;
		};
/* End PBXSourcesBuildPhase section */

/* Begin PBXVariantGroup section */
		245BB9901C883E75000E9D56 /* Main.storyboard */ = {
			isa = PBXVariantGroup;
			children = (
				245BB9911C883E75000E9D56 /* Base */,
			);
			name = Main.storyboard;
			sourceTree = "<group>";
		};
		245BB9951C883E75000E9D56 /* LaunchScreen.storyboard */ = {
			isa = PBXVariantGroup;
			children = (
				245BB9961C883E75000E9D56 /* Base */,
			);
			name = LaunchScreen.storyboard;
			sourceTree = "<group>";
		};
/* End PBXVariantGroup section */

/* Begin XCBuildConfiguration section */
		245BB9991C883E75000E9D56 /* Debug */ = {
			isa = XCBuildConfiguration;
			buildSettings = {
				ALWAYS_SEARCH_USER_PATHS = NO;
				CLANG_CXX_LANGUAGE_STANDARD = "gnu++0x";
				CLANG_CXX_LIBRARY = "libc++";
				CLANG_ENABLE_MODULES = YES;
				CLANG_ENABLE_OBJC_ARC = YES;
				CLANG_WARN_BOOL_CONVERSION = YES;
				CLANG_WARN_CONSTANT_CONVERSION = YES;
				CLANG_WARN_DIRECT_OBJC_ISA_USAGE = YES_ERROR;
				CLANG_WARN_EMPTY_BODY = YES;
				CLANG_WARN_ENUM_CONVERSION = YES;
				CLANG_WARN_INT_CONVERSION = YES;
				CLANG_WARN_OBJC_ROOT_CLASS = YES_ERROR;
				CLANG_WARN_UNREACHABLE_CODE = YES;
				CLANG_WARN__DUPLICATE_METHOD_MATCH = YES;
				"CODE_SIGN_IDENTITY[sdk=iphoneos*]" = "iPhone Developer";
				COPY_PHASE_STRIP = NO;
				DEBUG_INFORMATION_FORMAT = dwarf;
				ENABLE_STRICT_OBJC_MSGSEND = YES;
				ENABLE_TESTABILITY = YES;
				GCC_C_LANGUAGE_STANDARD = gnu99;
				GCC_DYNAMIC_NO_PIC = NO;
				GCC_NO_COMMON_BLOCKS = YES;
				GCC_OPTIMIZATION_LEVEL = 0;
				GCC_PREPROCESSOR_DEFINITIONS = (
					"DEBUG=1",
					"$(inherited)",
				);
				GCC_WARN_64_TO_32_BIT_CONVERSION = YES;
				GCC_WARN_ABOUT_RETURN_TYPE = YES_ERROR;
				GCC_WARN_UNDECLARED_SELECTOR = YES;
				GCC_WARN_UNINITIALIZED_AUTOS = YES_AGGRESSIVE;
				GCC_WARN_UNUSED_FUNCTION = YES;
				GCC_WARN_UNUSED_VARIABLE = YES;
				IPHONEOS_DEPLOYMENT_TARGET = 9.2;
				MTL_ENABLE_DEBUG_INFO = YES;
				ONLY_ACTIVE_ARCH = YES;
				SDKROOT = iphoneos;
				SWIFT_OPTIMIZATION_LEVEL = "-Onone";
				TARGETED_DEVICE_FAMILY = "1,2";
			};
			name = Debug;
		};
		245BB99A1C883E75000E9D56 /* Release */ = {
			isa = XCBuildConfiguration;
			buildSettings = {
				ALWAYS_SEARCH_USER_PATHS = NO;
				CLANG_CXX_LANGUAGE_STANDARD = "gnu++0x";
				CLANG_CXX_LIBRARY = "libc++";
				CLANG_ENABLE_MODULES = YES;
				CLANG_ENABLE_OBJC_ARC = YES;
				CLANG_WARN_BOOL_CONVERSION = YES;
				CLANG_WARN_CONSTANT_CONVERSION = YES;
				CLANG_WARN_DIRECT_OBJC_ISA_USAGE = YES_ERROR;
				CLANG_WARN_EMPTY_BODY = YES;
				CLANG_WARN_ENUM_CONVERSION = YES;
				CLANG_WARN_INT_CONVERSION = YES;
				CLANG_WARN_OBJC_ROOT_CLASS = YES_ERROR;
				CLANG_WARN_UNREACHABLE_CODE = YES;
				CLANG_WARN__DUPLICATE_METHOD_MATCH = YES;
				"CODE_SIGN_IDENTITY[sdk=iphoneos*]" = "iPhone Developer";
				COPY_PHASE_STRIP = NO;
				DEBUG_INFORMATION_FORMAT = "dwarf-with-dsym";
				ENABLE_NS_ASSERTIONS = NO;
				ENABLE_STRICT_OBJC_MSGSEND = YES;
				GCC_C_LANGUAGE_STANDARD = gnu99;
				GCC_NO_COMMON_BLOCKS = YES;
				GCC_WARN_64_TO_32_BIT_CONVERSION = YES;
				GCC_WARN_ABOUT_RETURN_TYPE = YES_ERROR;
				GCC_WARN_UNDECLARED_SELECTOR = YES;
				GCC_WARN_UNINITIALIZED_AUTOS = YES_AGGRESSIVE;
				GCC_WARN_UNUSED_FUNCTION = YES;
				GCC_WARN_UNUSED_VARIABLE = YES;
				IPHONEOS_DEPLOYMENT_TARGET = 9.2;
				MTL_ENABLE_DEBUG_INFO = NO;
				SDKROOT = iphoneos;
				TARGETED_DEVICE_FAMILY = "1,2";
				VALIDATE_PRODUCT = YES;
			};
			name = Release;
		};
		245BB99C1C883E75000E9D56 /* Debug */ = {
			isa = XCBuildConfiguration;
			buildSettings = {
				ASSETCATALOG_COMPILER_APPICON_NAME = AppIcon;
				INFOPLIST_FILE = StackViewSpacingTest/Info.plist;
				LD_RUNPATH_SEARCH_PATHS = "$(inherited) @executable_path/Frameworks";
				PRODUCT_BUNDLE_IDENTIFIER = uk.co.danieltull.StackViewSpacingTest;
				PRODUCT_NAME = "$(TARGET_NAME)";
			};
			name = Debug;
		};
		245BB99D1C883E75000E9D56 /* Release */ = {
			isa = XCBuildConfiguration;
			buildSettings = {
				ASSETCATALOG_COMPILER_APPICON_NAME = AppIcon;
				INFOPLIST_FILE = StackViewSpacingTest/Info.plist;
				LD_RUNPATH_SEARCH_PATHS = "$(inherited) @executable_path/Frameworks";
				PRODUCT_BUNDLE_IDENTIFIER = uk.co.danieltull.StackViewSpacingTest;
				PRODUCT_NAME = "$(TARGET_NAME)";
			};
			name = Release;
		};
/* End XCBuildConfiguration section */

/* Begin XCConfigurationList section */
		245BB9841C883E75000E9D56 /* Build configuration list for PBXProject "StackViewSpacingTest" */ = {
			isa = XCConfigurationList;
			buildConfigurations = (
				245BB9991C883E75000E9D56 /* Debug */,
				245BB99A1C883E75000E9D56 /* Release */,
			);
			defaultConfigurationIsVisible = 0;
			defaultConfigurationName = Release;
		};
		245BB99B1C883E75000E9D56 /* Build configuration list for PBXNativeTarget "StackViewSpacingTest" */ = {
			isa = XCConfigurationList;
			buildConfigurations = (
				245BB99C1C883E75000E9D56 /* Debug */,
				245BB99D1C883E75000E9D56 /* Release */,
			);
			defaultConfigurationIsVisible = 0;
		};
/* End XCConfigurationList section */
	};
	rootObject = 245BB9811C883E75000E9D56 /* Project object */;
}
